Microsoft Visual Studio Solution File, Format Version 12.00
# Visual Studio Version 17
VisualStudioVersion = 17.5.2.0
MinimumVisualStudioVersion = 10.0.40219.1
Project("{FAE04EC0-301F-11D3-BF4B-00C04F79EFBC}") = "Test1", "Test1\Test1.csproj", "{4A034DFE-FD31-D859-34CF-311B54F2A02C}"
EndProject
Project("{FAE04EC0-301F-11D3-BF4B-00C04F79EFBC}") = "ConsoleApp1", "ConsoleApp1\ConsoleApp1.csproj", "{16BDD6B9-2A67-4E26-A409-8B42CC9D864C}"
EndProject
Project("{FAE04EC0-301F-11D3-BF4B-00C04F79EFBC}") = "Exercise1", "Exercise1\Exercise1.csproj", "{CBB17AF7-0745-4DB5-B796-ABEC2F51873B}"
EndProject
Project("{FAE04EC0-301F-11D3-BF4B-00C04F79EFBC}") = "ExploreBasic", "ExploreBasic\ExploreBasic.csproj", "{BA395C10-8615-488B-B0D4-7A5A850DBD3D}"
EndProject
Project("{FAE04EC0-301F-11D3-BF4B-00C04F79EFBC}") = "CobaWebApp", "CobaWebApp\CobaWebApp.csproj", "{CBE26E78-6D68-43D4-AD39-4E9F3DD3417B}"
EndProject
Project("{FAE04EC0-301F-11D3-BF4B-00C04F79EFBC}") = "CobaWebAPI", "CobaWebAPI\CobaWebAPI.csproj", "{083262C7-413D-4874-9FD8-D5774557A847}"
EndProject
Project("{FAE04EC0-301F-11D3-BF4B-00C04F79EFBC}") = "MiniBoardgame", "MiniBoardgame\MiniBoardgame.csproj", "{50B3D21E-DD18-494A-AD95-B0427E48D994}"
EndProject
Project("{FAE04EC0-301F-11D3-BF4B-00C04F79EFBC}") = "AdvanceC#", "AdvanceC#\AdvanceC#.csproj", "{5824A827-4F35-4AFA-8E5C-2FDF249C9D13}"
EndProject
Project("{FAE04EC0-301F-11D3-BF4B-00C04F79EFBC}") = "UnoBoardGame", "UnoBoardGame\UnoBoardGame.csproj", "{5B6C94C6-16AC-46A7-8B1F-C09B3568A4D6}"
EndProject
Project("{FAE04EC0-301F-11D3-BF4B-00C04F79EFBC}") = "Uno", "Uno\Uno.csproj", "{F1930AF9-3B3C-46C1-97B0-EC0F754F001A}"
EndProject
Project("{FAE04EC0-301F-11D3-BF4B-00C04F79EFBC}") = "UnoGame", "UnoGame\UnoGame.csproj", "{A54753F3-2B3C-44C2-BA48-2C93895F00FC}"
EndProject
Project("{FAE04EC0-301F-11D3-BF4B-00C04F79EFBC}") = "PokerAPI", "PokerAPI\PokerAPI.csproj", "{214922F6-83E3-49BF-AABE-AC6580F086CD}"
EndProject
Project("{FAE04EC0-301F-11D3-BF4B-00C04F79EFBC}") = "PokerWebApp", "PokerWebApp\PokerWebApp.csproj", "{5D2F4CA4-F550-4F37-8818-6121944A091D}"
EndProject
Project("{FAE04EC0-301F-11D3-BF4B-00C04F79EFBC}") = "WebAPITest", "WebAPITest\WebAPITest.csproj", "{0F4D3E1A-B357-4B67-B6D7-04227101D459}"
EndProject
Project("{FAE04EC0-301F-11D3-BF4B-00C04F79EFBC}") = "PokerUI", "PokerUI\PokerUI.csproj", "{6191FCB2-8C21-423C-8BA9-B527D0C6EEA0}"
EndProject
Project("{FAE04EC0-301F-11D3-BF4B-00C04F79EFBC}") = "PokerBetterUI", "PokerBetterUI\PokerBetterUI.csproj", "{ECE2895F-611E-481F-9548-0675C4E3D621}"
EndProject
Project("{FAE04EC0-301F-11D3-BF4B-00C04F79EFBC}") = "PokerMultiplayerAPI", "PokerMultiplayerAPI\PokerMultiplayerAPI.csproj", "{6A7115B6-530B-4FB6-A9E5-402F459A923A}"
EndProject
Global
	GlobalSection(SolutionConfigurationPlatforms) = preSolution
		Debug|Any CPU = Debug|Any CPU
		Release|Any CPU = Release|Any CPU
	EndGlobalSection
	GlobalSection(ProjectConfigurationPlatforms) = postSolution
		{4A034DFE-FD31-D859-34CF-311B54F2A02C}.Debug|Any CPU.ActiveCfg = Debug|Any CPU
		{4A034DFE-FD31-D859-34CF-311B54F2A02C}.Debug|Any CPU.Build.0 = Debug|Any CPU
		{4A034DFE-FD31-D859-34CF-311B54F2A02C}.Release|Any CPU.ActiveCfg = Release|Any CPU
		{4A034DFE-FD31-D859-34CF-311B54F2A02C}.Release|Any CPU.Build.0 = Release|Any CPU
		{16BDD6B9-2A67-4E26-A409-8B42CC9D864C}.Debug|Any CPU.ActiveCfg = Debug|Any CPU
		{16BDD6B9-2A67-4E26-A409-8B42CC9D864C}.Debug|Any CPU.Build.0 = Debug|Any CPU
		{16BDD6B9-2A67-4E26-A409-8B42CC9D864C}.Release|Any CPU.ActiveCfg = Release|Any CPU
		{16BDD6B9-2A67-4E26-A409-8B42CC9D864C}.Release|Any CPU.Build.0 = Release|Any CPU
		{CBB17AF7-0745-4DB5-B796-ABEC2F51873B}.Debug|Any CPU.ActiveCfg = Debug|Any CPU
		{CBB17AF7-0745-4DB5-B796-ABEC2F51873B}.Debug|Any CPU.Build.0 = Debug|Any CPU
		{CBB17AF7-0745-4DB5-B796-ABEC2F51873B}.Release|Any CPU.ActiveCfg = Release|Any CPU
		{CBB17AF7-0745-4DB5-B796-ABEC2F51873B}.Release|Any CPU.Build.0 = Release|Any CPU
		{BA395C10-8615-488B-B0D4-7A5A850DBD3D}.Debug|Any CPU.ActiveCfg = Debug|Any CPU
		{BA395C10-8615-488B-B0D4-7A5A850DBD3D}.Debug|Any CPU.Build.0 = Debug|Any CPU
		{BA395C10-8615-488B-B0D4-7A5A850DBD3D}.Release|Any CPU.ActiveCfg = Release|Any CPU
		{BA395C10-8615-488B-B0D4-7A5A850DBD3D}.Release|Any CPU.Build.0 = Release|Any CPU
		{CBE26E78-6D68-43D4-AD39-4E9F3DD3417B}.Debug|Any CPU.ActiveCfg = Debug|Any CPU
		{CBE26E78-6D68-43D4-AD39-4E9F3DD3417B}.Debug|Any CPU.Build.0 = Debug|Any CPU
		{CBE26E78-6D68-43D4-AD39-4E9F3DD3417B}.Release|Any CPU.ActiveCfg = Release|Any CPU
		{CBE26E78-6D68-43D4-AD39-4E9F3DD3417B}.Release|Any CPU.Build.0 = Release|Any CPU
		{083262C7-413D-4874-9FD8-D5774557A847}.Debug|Any CPU.ActiveCfg = Debug|Any CPU
		{083262C7-413D-4874-9FD8-D5774557A847}.Debug|Any CPU.Build.0 = Debug|Any CPU
		{083262C7-413D-4874-9FD8-D5774557A847}.Release|Any CPU.ActiveCfg = Release|Any CPU
		{083262C7-413D-4874-9FD8-D5774557A847}.Release|Any CPU.Build.0 = Release|Any CPU
		{50B3D21E-DD18-494A-AD95-B0427E48D994}.Debug|Any CPU.ActiveCfg = Debug|Any CPU
		{50B3D21E-DD18-494A-AD95-B0427E48D994}.Debug|Any CPU.Build.0 = Debug|Any CPU
		{50B3D21E-DD18-494A-AD95-B0427E48D994}.Release|Any CPU.ActiveCfg = Release|Any CPU
		{50B3D21E-DD18-494A-AD95-B0427E48D994}.Release|Any CPU.Build.0 = Release|Any CPU
		{5824A827-4F35-4AFA-8E5C-2FDF249C9D13}.Debug|Any CPU.ActiveCfg = Debug|Any CPU
		{5824A827-4F35-4AFA-8E5C-2FDF249C9D13}.Debug|Any CPU.Build.0 = Debug|Any CPU
		{5824A827-4F35-4AFA-8E5C-2FDF249C9D13}.Release|Any CPU.ActiveCfg = Release|Any CPU
		{5824A827-4F35-4AFA-8E5C-2FDF249C9D13}.Release|Any CPU.Build.0 = Release|Any CPU
		{5B6C94C6-16AC-46A7-8B1F-C09B3568A4D6}.Debug|Any CPU.ActiveCfg = Debug|Any CPU
		{5B6C94C6-16AC-46A7-8B1F-C09B3568A4D6}.Debug|Any CPU.Build.0 = Debug|Any CPU
		{5B6C94C6-16AC-46A7-8B1F-C09B3568A4D6}.Release|Any CPU.ActiveCfg = Release|Any CPU
		{5B6C94C6-16AC-46A7-8B1F-C09B3568A4D6}.Release|Any CPU.Build.0 = Release|Any CPU
		{F1930AF9-3B3C-46C1-97B0-EC0F754F001A}.Debug|Any CPU.ActiveCfg = Debug|Any CPU
		{F1930AF9-3B3C-46C1-97B0-EC0F754F001A}.Debug|Any CPU.Build.0 = Debug|Any CPU
		{F1930AF9-3B3C-46C1-97B0-EC0F754F001A}.Release|Any CPU.ActiveCfg = Release|Any CPU
		{F1930AF9-3B3C-46C1-97B0-EC0F754F001A}.Release|Any CPU.Build.0 = Release|Any CPU
		{A54753F3-2B3C-44C2-BA48-2C93895F00FC}.Debug|Any CPU.ActiveCfg = Debug|Any CPU
		{A54753F3-2B3C-44C2-BA48-2C93895F00FC}.Debug|Any CPU.Build.0 = Debug|Any CPU
		{A54753F3-2B3C-44C2-BA48-2C93895F00FC}.Release|Any CPU.ActiveCfg = Release|Any CPU
		{A54753F3-2B3C-44C2-BA48-2C93895F00FC}.Release|Any CPU.Build.0 = Release|Any CPU
		{214922F6-83E3-49BF-AABE-AC6580F086CD}.Debug|Any CPU.ActiveCfg = Debug|Any CPU
		{214922F6-83E3-49BF-AABE-AC6580F086CD}.Debug|Any CPU.Build.0 = Debug|Any CPU
		{214922F6-83E3-49BF-AABE-AC6580F086CD}.Release|Any CPU.ActiveCfg = Release|Any CPU
		{214922F6-83E3-49BF-AABE-AC6580F086CD}.Release|Any CPU.Build.0 = Release|Any CPU
		{5D2F4CA4-F550-4F37-8818-6121944A091D}.Debug|Any CPU.ActiveCfg = Debug|Any CPU
		{5D2F4CA4-F550-4F37-8818-6121944A091D}.Debug|Any CPU.Build.0 = Debug|Any CPU
		{5D2F4CA4-F550-4F37-8818-6121944A091D}.Release|Any CPU.ActiveCfg = Release|Any CPU
		{5D2F4CA4-F550-4F37-8818-6121944A091D}.Release|Any CPU.Build.0 = Release|Any CPU
		{0F4D3E1A-B357-4B67-B6D7-04227101D459}.Debug|Any CPU.ActiveCfg = Debug|Any CPU
		{0F4D3E1A-B357-4B67-B6D7-04227101D459}.Debug|Any CPU.Build.0 = Debug|Any CPU
		{0F4D3E1A-B357-4B67-B6D7-04227101D459}.Release|Any CPU.ActiveCfg = Release|Any CPU
		{0F4D3E1A-B357-4B67-B6D7-04227101D459}.Release|Any CPU.Build.0 = Release|Any CPU
		{6191FCB2-8C21-423C-8BA9-B527D0C6EEA0}.Debug|Any CPU.ActiveCfg = Debug|Any CPU
		{6191FCB2-8C21-423C-8BA9-B527D0C6EEA0}.Debug|Any CPU.Build.0 = Debug|Any CPU
		{6191FCB2-8C21-423C-8BA9-B527D0C6EEA0}.Release|Any CPU.ActiveCfg = Release|Any CPU
		{6191FCB2-8C21-423C-8BA9-B527D0C6EEA0}.Release|Any CPU.Build.0 = Release|Any CPU
		{ECE2895F-611E-481F-9548-0675C4E3D621}.Debug|Any CPU.ActiveCfg = Debug|Any CPU
		{ECE2895F-611E-481F-9548-0675C4E3D621}.Debug|Any CPU.Build.0 = Debug|Any CPU
		{ECE2895F-611E-481F-9548-0675C4E3D621}.Release|Any CPU.ActiveCfg = Release|Any CPU
		{ECE2895F-611E-481F-9548-0675C4E3D621}.Release|Any CPU.Build.0 = Release|Any CPU
		{6A7115B6-530B-4FB6-A9E5-402F459A923A}.Debug|Any CPU.ActiveCfg = Debug|Any CPU
		{6A7115B6-530B-4FB6-A9E5-402F459A923A}.Debug|Any CPU.Build.0 = Debug|Any CPU
		{6A7115B6-530B-4FB6-A9E5-402F459A923A}.Release|Any CPU.ActiveCfg = Release|Any CPU
		{6A7115B6-530B-4FB6-A9E5-402F459A923A}.Release|Any CPU.Build.0 = Release|Any CPU
	EndGlobalSection
	GlobalSection(SolutionProperties) = preSolution
		HideSolutionNode = FALSE
	EndGlobalSection
	GlobalSection(ExtensibilityGlobals) = postSolution
		SolutionGuid = {86067A8A-1740-41FA-B36C-5A1A447770F5}
	EndGlobalSection
EndGlobal
