Microsoft Visual Studio Solution File, Format Version 12.00
# Visual Studio Version 17
VisualStudioVersion = 17.5.2.0
MinimumVisualStudioVersion = 10.0.40219.1
Project("{FAE04EC0-301F-11D3-BF4B-00C04F79EFBC}") = "PokerAPI", "PokerAPI.csproj", "{D43C1E6E-EF5C-950D-2ED7-A160A02187BE}"
EndProject
Global
	GlobalSection(SolutionConfigurationPlatforms) = preSolution
		Debug|Any CPU = Debug|Any CPU
		Release|Any CPU = Release|Any CPU
	EndGlobalSection
	GlobalSection(ProjectConfigurationPlatforms) = postSolution
		{D43C1E6E-EF5C-950D-2ED7-A160A02187BE}.Debug|Any CPU.ActiveCfg = Debug|Any CPU
		{D43C1E6E-EF5C-950D-2ED7-A160A02187BE}.Debug|Any CPU.Build.0 = Debug|Any CPU
		{D43C1E6E-EF5C-950D-2ED7-A160A02187BE}.Release|Any CPU.ActiveCfg = Release|Any CPU
		{D43C1E6E-EF5C-950D-2ED7-A160A02187BE}.Release|Any CPU.Build.0 = Release|Any CPU
	EndGlobalSection
	GlobalSection(SolutionProperties) = preSolution
		HideSolutionNode = FALSE
	EndGlobalSection
	GlobalSection(ExtensibilityGlobals) = postSolution
		SolutionGuid = {0FDA750C-AC9C-4CFA-B398-8F45E0AC84BF}
	EndGlobalSection
EndGlobal
