Microsoft Visual Studio Solution File, Format Version 12.00
# Visual Studio Version 17
VisualStudioVersion = 17.5.2.0
MinimumVisualStudioVersion = 10.0.40219.1
Project("{FAE04EC0-301F-11D3-BF4B-00C04F79EFBC}") = "PokerAPIMPwDB", "PokerAPIMPwDB.csproj", "{7BFCCCAB-C6EB-6508-2594-B45BD6D4E324}"
EndProject
Global
	GlobalSection(SolutionConfigurationPlatforms) = preSolution
		Debug|Any CPU = Debug|Any CPU
		Release|Any CPU = Release|Any CPU
	EndGlobalSection
	GlobalSection(ProjectConfigurationPlatforms) = postSolution
		{7BFCCCAB-C6EB-6508-2594-B45BD6D4E324}.Debug|Any CPU.ActiveCfg = Debug|Any CPU
		{7BFCCCAB-C6EB-6508-2594-B45BD6D4E324}.Debug|Any CPU.Build.0 = Debug|Any CPU
		{7BFCCCAB-C6EB-6508-2594-B45BD6D4E324}.Release|Any CPU.ActiveCfg = Release|Any CPU
		{7BFCCCAB-C6EB-6508-2594-B45BD6D4E324}.Release|Any CPU.Build.0 = Release|Any CPU
	EndGlobalSection
	GlobalSection(SolutionProperties) = preSolution
		HideSolutionNode = FALSE
	EndGlobalSection
	GlobalSection(ExtensibilityGlobals) = postSolution
		SolutionGuid = {F1EF40FE-112B-4B4F-951F-9C82A3D8EDC5}
	EndGlobalSection
EndGlobal
